// !$*UTF8*$!
{
	archiveVersion = 1;
	classes = {
	};
	objectVersion = 55;
	objects = {

/* Begin PBXBuildFile section */
		6E764CA82848DB4B00E69CC7 /* AppDelegate.swift in Sources */ = {isa = PBXBuildFile; fileRef = 6E764CA72848DB4B00E69CC7 /* AppDelegate.swift */; };
		6E764CAA2848DB4B00E69CC7 /* SceneDelegate.swift in Sources */ = {isa = PBXBuildFile; fileRef = 6E764CA92848DB4B00E69CC7 /* SceneDelegate.swift */; };
		6E764CAC2848DB4B00E69CC7 /* TravelsViewController.swift in Sources */ = {isa = PBXBuildFile; fileRef = 6E764CAB2848DB4B00E69CC7 /* TravelsViewController.swift */; };
		6E764CB12848DB4C00E69CC7 /* Assets.xcassets in Resources */ = {isa = PBXBuildFile; fileRef = 6E764CB02848DB4C00E69CC7 /* Assets.xcassets */; };
		6E764CB42848DB4C00E69CC7 /* LaunchScreen.storyboard in Resources */ = {isa = PBXBuildFile; fileRef = 6E764CB22848DB4C00E69CC7 /* LaunchScreen.storyboard */; };
		6E764CBD2848DB7F00E69CC7 /* Travel.swift in Sources */ = {isa = PBXBuildFile; fileRef = 6E764CBC2848DB7F00E69CC7 /* Travel.swift */; };
		6E764CBF2848DCC700E69CC7 /* DataResponse.swift in Sources */ = {isa = PBXBuildFile; fileRef = 6E764CBE2848DCC700E69CC7 /* DataResponse.swift */; };
		6E764CC22848DD7100E69CC7 /* TravelController.swift in Sources */ = {isa = PBXBuildFile; fileRef = 6E764CC12848DD7100E69CC7 /* TravelController.swift */; };
		6E764CC6284AC9E200E69CC7 /* UIColor+Extension.swift in Sources */ = {isa = PBXBuildFile; fileRef = 6E764CC5284AC9E200E69CC7 /* UIColor+Extension.swift */; };
		6E764CC8284AD9B700E69CC7 /* TravelsViewCell.swift in Sources */ = {isa = PBXBuildFile; fileRef = 6E764CC7284AD9B700E69CC7 /* TravelsViewCell.swift */; };
		6E764CCC284ADDEF00E69CC7 /* NetworkController.swift in Sources */ = {isa = PBXBuildFile; fileRef = 6E764CCB284ADDEF00E69CC7 /* NetworkController.swift */; };
		6E764CCE284B111D00E69CC7 /* UIView+Extension.swift in Sources */ = {isa = PBXBuildFile; fileRef = 6E764CCD284B111D00E69CC7 /* UIView+Extension.swift */; };
		6E764CD0284B193100E69CC7 /* StringInterpolation+Extension.swift in Sources */ = {isa = PBXBuildFile; fileRef = 6E764CCF284B193100E69CC7 /* StringInterpolation+Extension.swift */; };
		6E764CD2284B39E800E69CC7 /* GradientView.swift in Sources */ = {isa = PBXBuildFile; fileRef = 6E764CD1284B39E800E69CC7 /* GradientView.swift */; };
		6E764CD4284B431A00E69CC7 /* UIStackView+Extension.swift in Sources */ = {isa = PBXBuildFile; fileRef = 6E764CD3284B431A00E69CC7 /* UIStackView+Extension.swift */; };
		6E764CD7284CB0AA00E69CC7 /* TravelDetailedViewController.swift in Sources */ = {isa = PBXBuildFile; fileRef = 6E764CD6284CB0AA00E69CC7 /* TravelDetailedViewController.swift */; };
		6E764CD9284CB0C300E69CC7 /* TravelDetailedView.swift in Sources */ = {isa = PBXBuildFile; fileRef = 6E764CD8284CB0C300E69CC7 /* TravelDetailedView.swift */; };
		6EB900F9284CE606000594AB /* Constants.swift in Sources */ = {isa = PBXBuildFile; fileRef = 6EB900F8284CE606000594AB /* Constants.swift */; };
		6EB900FB284CEEB3000594AB /* TravelDetailedBlockView.swift in Sources */ = {isa = PBXBuildFile; fileRef = 6EB900FA284CEEB3000594AB /* TravelDetailedBlockView.swift */; };
		6EB900FD284CFEAD000594AB /* NotoficationName+Extension.swift in Sources */ = {isa = PBXBuildFile; fileRef = 6EB900FC284CFEAD000594AB /* NotoficationName+Extension.swift */; };
		A1E73DABAF4AFD80B34AEF54 /* Pods_TimeToTravel.framework in Frameworks */ = {isa = PBXBuildFile; fileRef = B7B8F469E926AD0D146B30B7 /* Pods_TimeToTravel.framework */; };
/* End PBXBuildFile section */

/* Begin PBXFileReference section */
		6E764CA42848DB4B00E69CC7 /* TimeToTravel.app */ = {isa = PBXFileReference; explicitFileType = wrapper.application; includeInIndex = 0; path = TimeToTravel.app; sourceTree = BUILT_PRODUCTS_DIR; };
		6E764CA72848DB4B00E69CC7 /* AppDelegate.swift */ = {isa = PBXFileReference; lastKnownFileType = sourcecode.swift; path = AppDelegate.swift; sourceTree = "<group>"; };
		6E764CA92848DB4B00E69CC7 /* SceneDelegate.swift */ = {isa = PBXFileReference; lastKnownFileType = sourcecode.swift; path = SceneDelegate.swift; sourceTree = "<group>"; };
		6E764CAB2848DB4B00E69CC7 /* TravelsViewController.swift */ = {isa = PBXFileReference; lastKnownFileType = sourcecode.swift; path = TravelsViewController.swift; sourceTree = "<group>"; };
		6E764CB02848DB4C00E69CC7 /* Assets.xcassets */ = {isa = PBXFileReference; lastKnownFileType = folder.assetcatalog; path = Assets.xcassets; sourceTree = "<group>"; };
		6E764CB32848DB4C00E69CC7 /* Base */ = {isa = PBXFileReference; lastKnownFileType = file.storyboard; name = Base; path = Base.lproj/LaunchScreen.storyboard; sourceTree = "<group>"; };
		6E764CB52848DB4C00E69CC7 /* Info.plist */ = {isa = PBXFileReference; lastKnownFileType = text.plist.xml; path = Info.plist; sourceTree = "<group>"; };
		6E764CBC2848DB7F00E69CC7 /* Travel.swift */ = {isa = PBXFileReference; lastKnownFileType = sourcecode.swift; path = Travel.swift; sourceTree = "<group>"; };
		6E764CBE2848DCC700E69CC7 /* DataResponse.swift */ = {isa = PBXFileReference; lastKnownFileType = sourcecode.swift; path = DataResponse.swift; sourceTree = "<group>"; };
		6E764CC12848DD7100E69CC7 /* TravelController.swift */ = {isa = PBXFileReference; lastKnownFileType = sourcecode.swift; path = TravelController.swift; sourceTree = "<group>"; };
		6E764CC5284AC9E200E69CC7 /* UIColor+Extension.swift */ = {isa = PBXFileReference; lastKnownFileType = sourcecode.swift; path = "UIColor+Extension.swift"; sourceTree = "<group>"; };
		6E764CC7284AD9B700E69CC7 /* TravelsViewCell.swift */ = {isa = PBXFileReference; lastKnownFileType = sourcecode.swift; path = TravelsViewCell.swift; sourceTree = "<group>"; };
		6E764CCB284ADDEF00E69CC7 /* NetworkController.swift */ = {isa = PBXFileReference; lastKnownFileType = sourcecode.swift; path = NetworkController.swift; sourceTree = "<group>"; };
		6E764CCD284B111D00E69CC7 /* UIView+Extension.swift */ = {isa = PBXFileReference; lastKnownFileType = sourcecode.swift; path = "UIView+Extension.swift"; sourceTree = "<group>"; };
		6E764CCF284B193100E69CC7 /* StringInterpolation+Extension.swift */ = {isa = PBXFileReference; lastKnownFileType = sourcecode.swift; path = "StringInterpolation+Extension.swift"; sourceTree = "<group>"; };
		6E764CD1284B39E800E69CC7 /* GradientView.swift */ = {isa = PBXFileReference; lastKnownFileType = sourcecode.swift; path = GradientView.swift; sourceTree = "<group>"; };
		6E764CD3284B431A00E69CC7 /* UIStackView+Extension.swift */ = {isa = PBXFileReference; lastKnownFileType = sourcecode.swift; path = "UIStackView+Extension.swift"; sourceTree = "<group>"; };
		6E764CD6284CB0AA00E69CC7 /* TravelDetailedViewController.swift */ = {isa = PBXFileReference; lastKnownFileType = sourcecode.swift; path = TravelDetailedViewController.swift; sourceTree = "<group>"; };
		6E764CD8284CB0C300E69CC7 /* TravelDetailedView.swift */ = {isa = PBXFileReference; lastKnownFileType = sourcecode.swift; path = TravelDetailedView.swift; sourceTree = "<group>"; };
		6EB900F8284CE606000594AB /* Constants.swift */ = {isa = PBXFileReference; lastKnownFileType = sourcecode.swift; path = Constants.swift; sourceTree = "<group>"; };
		6EB900FA284CEEB3000594AB /* TravelDetailedBlockView.swift */ = {isa = PBXFileReference; lastKnownFileType = sourcecode.swift; path = TravelDetailedBlockView.swift; sourceTree = "<group>"; };
		6EB900FC284CFEAD000594AB /* NotoficationName+Extension.swift */ = {isa = PBXFileReference; lastKnownFileType = sourcecode.swift; path = "NotoficationName+Extension.swift"; sourceTree = "<group>"; };
		B7B8F469E926AD0D146B30B7 /* Pods_TimeToTravel.framework */ = {isa = PBXFileReference; explicitFileType = wrapper.framework; includeInIndex = 0; path = Pods_TimeToTravel.framework; sourceTree = BUILT_PRODUCTS_DIR; };
		DF230A959240A3D1ACCBCFA6 /* Pods-TimeToTravel.release.xcconfig */ = {isa = PBXFileReference; includeInIndex = 1; lastKnownFileType = text.xcconfig; name = "Pods-TimeToTravel.release.xcconfig"; path = "Target Support Files/Pods-TimeToTravel/Pods-TimeToTravel.release.xcconfig"; sourceTree = "<group>"; };
		EEB3A0EDB452C1328396BF92 /* Pods-TimeToTravel.debug.xcconfig */ = {isa = PBXFileReference; includeInIndex = 1; lastKnownFileType = text.xcconfig; name = "Pods-TimeToTravel.debug.xcconfig"; path = "Target Support Files/Pods-TimeToTravel/Pods-TimeToTravel.debug.xcconfig"; sourceTree = "<group>"; };
/* End PBXFileReference section */

/* Begin PBXFrameworksBuildPhase section */
		6E764CA12848DB4B00E69CC7 /* Frameworks */ = {
			isa = PBXFrameworksBuildPhase;
			buildActionMask = 2147483647;
			files = (
				A1E73DABAF4AFD80B34AEF54 /* Pods_TimeToTravel.framework in Frameworks */,
			);
			runOnlyForDeploymentPostprocessing = 0;
		};
/* End PBXFrameworksBuildPhase section */

/* Begin PBXGroup section */
		415EF71A4D56DA31F5EAEC13 /* Pods */ = {
			isa = PBXGroup;
			children = (
				EEB3A0EDB452C1328396BF92 /* Pods-TimeToTravel.debug.xcconfig */,
				DF230A959240A3D1ACCBCFA6 /* Pods-TimeToTravel.release.xcconfig */,
			);
			path = Pods;
			sourceTree = "<group>";
		};
		67C8B40C33D435FCA8FBE921 /* Frameworks */ = {
			isa = PBXGroup;
			children = (
				B7B8F469E926AD0D146B30B7 /* Pods_TimeToTravel.framework */,
			);
			name = Frameworks;
			sourceTree = "<group>";
		};
		6E764C9B2848DB4B00E69CC7 = {
			isa = PBXGroup;
			children = (
				6E764CA62848DB4B00E69CC7 /* TimeToTravel */,
				6E764CA52848DB4B00E69CC7 /* Products */,
				415EF71A4D56DA31F5EAEC13 /* Pods */,
				67C8B40C33D435FCA8FBE921 /* Frameworks */,
			);
			sourceTree = "<group>";
		};
		6E764CA52848DB4B00E69CC7 /* Products */ = {
			isa = PBXGroup;
			children = (
				6E764CA42848DB4B00E69CC7 /* TimeToTravel.app */,
			);
			name = Products;
			sourceTree = "<group>";
		};
		6E764CA62848DB4B00E69CC7 /* TimeToTravel */ = {
			isa = PBXGroup;
			children = (
				6E764CC4284AC9BC00E69CC7 /* Helpers */,
				6E764CBB2848DB6E00E69CC7 /* Model */,
				6E764CC02848DD4E00E69CC7 /* Controller */,
				6E764CC32848FF5500E69CC7 /* Travels */,
				6E764CD5284CB08000E69CC7 /* TravelDetailed */,
				6E764CA72848DB4B00E69CC7 /* AppDelegate.swift */,
				6E764CA92848DB4B00E69CC7 /* SceneDelegate.swift */,
				6E764CB02848DB4C00E69CC7 /* Assets.xcassets */,
				6E764CB22848DB4C00E69CC7 /* LaunchScreen.storyboard */,
				6E764CB52848DB4C00E69CC7 /* Info.plist */,
			);
			path = TimeToTravel;
			sourceTree = "<group>";
		};
		6E764CBB2848DB6E00E69CC7 /* Model */ = {
			isa = PBXGroup;
			children = (
				6E764CBC2848DB7F00E69CC7 /* Travel.swift */,
				6E764CBE2848DCC700E69CC7 /* DataResponse.swift */,
			);
			path = Model;
			sourceTree = "<group>";
		};
		6E764CC02848DD4E00E69CC7 /* Controller */ = {
			isa = PBXGroup;
			children = (
				6E764CC12848DD7100E69CC7 /* TravelController.swift */,
				6E764CCB284ADDEF00E69CC7 /* NetworkController.swift */,
			);
			path = Controller;
			sourceTree = "<group>";
		};
		6E764CC32848FF5500E69CC7 /* Travels */ = {
			isa = PBXGroup;
			children = (
				6E764CAB2848DB4B00E69CC7 /* TravelsViewController.swift */,
				6E764CC7284AD9B700E69CC7 /* TravelsViewCell.swift */,
			);
			path = Travels;
			sourceTree = "<group>";
		};
		6E764CC4284AC9BC00E69CC7 /* Helpers */ = {
			isa = PBXGroup;
			children = (
				6EB900FE284D0858000594AB /* Extensions */,
				6E764CD1284B39E800E69CC7 /* GradientView.swift */,
				6EB900F8284CE606000594AB /* Constants.swift */,
			);
			path = Helpers;
			sourceTree = "<group>";
		};
		6E764CD5284CB08000E69CC7 /* TravelDetailed */ = {
			isa = PBXGroup;
			children = (
				6E764CD6284CB0AA00E69CC7 /* TravelDetailedViewController.swift */,
				6E764CD8284CB0C300E69CC7 /* TravelDetailedView.swift */,
				6EB900FA284CEEB3000594AB /* TravelDetailedBlockView.swift */,
			);
			path = TravelDetailed;
			sourceTree = "<group>";
		};
		6EB900FE284D0858000594AB /* Extensions */ = {
			isa = PBXGroup;
			children = (
				6E764CC5284AC9E200E69CC7 /* UIColor+Extension.swift */,
				6EB900FC284CFEAD000594AB /* NotoficationName+Extension.swift */,
				6E764CCD284B111D00E69CC7 /* UIView+Extension.swift */,
				6E764CCF284B193100E69CC7 /* StringInterpolation+Extension.swift */,
				6E764CD3284B431A00E69CC7 /* UIStackView+Extension.swift */,
			);
			path = Extensions;
			sourceTree = "<group>";
		};
/* End PBXGroup section */

/* Begin PBXNativeTarget section */
		6E764CA32848DB4B00E69CC7 /* TimeToTravel */ = {
			isa = PBXNativeTarget;
			buildConfigurationList = 6E764CB82848DB4C00E69CC7 /* Build configuration list for PBXNativeTarget "TimeToTravel" */;
			buildPhases = (
				6B1772945E4EADFBE930F75A /* [CP] Check Pods Manifest.lock */,
				6E764CA02848DB4B00E69CC7 /* Sources */,
				6E764CA12848DB4B00E69CC7 /* Frameworks */,
				6E764CA22848DB4B00E69CC7 /* Resources */,
				5D0A755ECC66BFC47F16EC7A /* [CP] Embed Pods Frameworks */,
			);
			buildRules = (
			);
			dependencies = (
			);
			name = TimeToTravel;
			productName = TimeToTravel;
			productReference = 6E764CA42848DB4B00E69CC7 /* TimeToTravel.app */;
			productType = "com.apple.product-type.application";
		};
/* End PBXNativeTarget section */

/* Begin PBXProject section */
		6E764C9C2848DB4B00E69CC7 /* Project object */ = {
			isa = PBXProject;
			attributes = {
				BuildIndependentTargetsInParallel = 1;
				LastSwiftUpdateCheck = 1340;
				LastUpgradeCheck = 1340;
				TargetAttributes = {
					6E764CA32848DB4B00E69CC7 = {
						CreatedOnToolsVersion = 13.4;
					};
				};
			};
			buildConfigurationList = 6E764C9F2848DB4B00E69CC7 /* Build configuration list for PBXProject "TimeToTravel" */;
			compatibilityVersion = "Xcode 13.0";
			developmentRegion = en;
			hasScannedForEncodings = 0;
			knownRegions = (
				en,
				Base,
			);
			mainGroup = 6E764C9B2848DB4B00E69CC7;
			productRefGroup = 6E764CA52848DB4B00E69CC7 /* Products */;
			projectDirPath = "";
			projectRoot = "";
			targets = (
				6E764CA32848DB4B00E69CC7 /* TimeToTravel */,
			);
		};
/* End PBXProject section */

/* Begin PBXResourcesBuildPhase section */
		6E764CA22848DB4B00E69CC7 /* Resources */ = {
			isa = PBXResourcesBuildPhase;
			buildActionMask = 2147483647;
			files = (
				6E764CB42848DB4C00E69CC7 /* LaunchScreen.storyboard in Resources */,
				6E764CB12848DB4C00E69CC7 /* Assets.xcassets in Resources */,
			);
			runOnlyForDeploymentPostprocessing = 0;
		};
/* End PBXResourcesBuildPhase section */

/* Begin PBXShellScriptBuildPhase section */
		5D0A755ECC66BFC47F16EC7A /* [CP] Embed Pods Frameworks */ = {
			isa = PBXShellScriptBuildPhase;
			buildActionMask = 2147483647;
			files = (
			);
			inputFileListPaths = (
				"${PODS_ROOT}/Target Support Files/Pods-TimeToTravel/Pods-TimeToTravel-frameworks-${CONFIGURATION}-input-files.xcfilelist",
			);
			name = "[CP] Embed Pods Frameworks";
			outputFileListPaths = (
				"${PODS_ROOT}/Target Support Files/Pods-TimeToTravel/Pods-TimeToTravel-frameworks-${CONFIGURATION}-output-files.xcfilelist",
			);
			runOnlyForDeploymentPostprocessing = 0;
			shellPath = /bin/sh;
			shellScript = "\"${PODS_ROOT}/Target Support Files/Pods-TimeToTravel/Pods-TimeToTravel-frameworks.sh\"\n";
			showEnvVarsInLog = 0;
		};
		6B1772945E4EADFBE930F75A /* [CP] Check Pods Manifest.lock */ = {
			isa = PBXShellScriptBuildPhase;
			buildActionMask = 2147483647;
			files = (
			);
			inputFileListPaths = (
			);
			inputPaths = (
				"${PODS_PODFILE_DIR_PATH}/Podfile.lock",
				"${PODS_ROOT}/Manifest.lock",
			);
			name = "[CP] Check Pods Manifest.lock";
			outputFileListPaths = (
			);
			outputPaths = (
				"$(DERIVED_FILE_DIR)/Pods-TimeToTravel-checkManifestLockResult.txt",
			);
			runOnlyForDeploymentPostprocessing = 0;
			shellPath = /bin/sh;
			shellScript = "diff \"${PODS_PODFILE_DIR_PATH}/Podfile.lock\" \"${PODS_ROOT}/Manifest.lock\" > /dev/null\nif [ $? != 0 ] ; then\n    # print error to STDERR\n    echo \"error: The sandbox is not in sync with the Podfile.lock. Run 'pod install' or update your CocoaPods installation.\" >&2\n    exit 1\nfi\n# This output is used by Xcode 'outputs' to avoid re-running this script phase.\necho \"SUCCESS\" > \"${SCRIPT_OUTPUT_FILE_0}\"\n";
			showEnvVarsInLog = 0;
		};
/* End PBXShellScriptBuildPhase section */

/* Begin PBXSourcesBuildPhase section */
		6E764CA02848DB4B00E69CC7 /* Sources */ = {
			isa = PBXSourcesBuildPhase;
			buildActionMask = 2147483647;
			files = (
				6E764CD7284CB0AA00E69CC7 /* TravelDetailedViewController.swift in Sources */,
				6EB900F9284CE606000594AB /* Constants.swift in Sources */,
				6E764CCE284B111D00E69CC7 /* UIView+Extension.swift in Sources */,
				6E764CD4284B431A00E69CC7 /* UIStackView+Extension.swift in Sources */,
				6E764CCC284ADDEF00E69CC7 /* NetworkController.swift in Sources */,
				6EB900FD284CFEAD000594AB /* NotoficationName+Extension.swift in Sources */,
				6E764CC6284AC9E200E69CC7 /* UIColor+Extension.swift in Sources */,
				6EB900FB284CEEB3000594AB /* TravelDetailedBlockView.swift in Sources */,
				6E764CAC2848DB4B00E69CC7 /* TravelsViewController.swift in Sources */,
				6E764CC22848DD7100E69CC7 /* TravelController.swift in Sources */,
				6E764CBD2848DB7F00E69CC7 /* Travel.swift in Sources */,
				6E764CD9284CB0C300E69CC7 /* TravelDetailedView.swift in Sources */,
				6E764CA82848DB4B00E69CC7 /* AppDelegate.swift in Sources */,
				6E764CC8284AD9B700E69CC7 /* TravelsViewCell.swift in Sources */,
				6E764CD0284B193100E69CC7 /* StringInterpolation+Extension.swift in Sources */,
				6E764CD2284B39E800E69CC7 /* GradientView.swift in Sources */,
				6E764CBF2848DCC700E69CC7 /* DataResponse.swift in Sources */,
				6E764CAA2848DB4B00E69CC7 /* SceneDelegate.swift in Sources */,
			);
			runOnlyForDeploymentPostprocessing = 0;
		};
/* End PBXSourcesBuildPhase section */

/* Begin PBXVariantGroup section */
		6E764CB22848DB4C00E69CC7 /* LaunchScreen.storyboard */ = {
			isa = PBXVariantGroup;
			children = (
				6E764CB32848DB4C00E69CC7 /* Base */,
			);
			name = LaunchScreen.storyboard;
			sourceTree = "<group>";
		};
/* End PBXVariantGroup section */

/* Begin XCBuildConfiguration section */
		6E764CB62848DB4C00E69CC7 /* Debug */ = {
			isa = XCBuildConfiguration;
			buildSettings = {
				ALWAYS_SEARCH_USER_PATHS = NO;
				CLANG_ANALYZER_NONNULL = YES;
				CLANG_ANALYZER_NUMBER_OBJECT_CONVERSION = YES_AGGRESSIVE;
				CLANG_CXX_LANGUAGE_STANDARD = "gnu++17";
				CLANG_ENABLE_MODULES = YES;
				CLANG_ENABLE_OBJC_ARC = YES;
				CLANG_ENABLE_OBJC_WEAK = YES;
				CLANG_WARN_BLOCK_CAPTURE_AUTORELEASING = YES;
				CLANG_WARN_BOOL_CONVERSION = YES;
				CLANG_WARN_COMMA = YES;
				CLANG_WARN_CONSTANT_CONVERSION = YES;
				CLANG_WARN_DEPRECATED_OBJC_IMPLEMENTATIONS = YES;
				CLANG_WARN_DIRECT_OBJC_ISA_USAGE = YES_ERROR;
				CLANG_WARN_DOCUMENTATION_COMMENTS = YES;
				CLANG_WARN_EMPTY_BODY = YES;
				CLANG_WARN_ENUM_CONVERSION = YES;
				CLANG_WARN_INFINITE_RECURSION = YES;
				CLANG_WARN_INT_CONVERSION = YES;
				CLANG_WARN_NON_LITERAL_NULL_CONVERSION = YES;
				CLANG_WARN_OBJC_IMPLICIT_RETAIN_SELF = YES;
				CLANG_WARN_OBJC_LITERAL_CONVERSION = YES;
				CLANG_WARN_OBJC_ROOT_CLASS = YES_ERROR;
				CLANG_WARN_QUOTED_INCLUDE_IN_FRAMEWORK_HEADER = YES;
				CLANG_WARN_RANGE_LOOP_ANALYSIS = YES;
				CLANG_WARN_STRICT_PROTOTYPES = YES;
				CLANG_WARN_SUSPICIOUS_MOVE = YES;
				CLANG_WARN_UNGUARDED_AVAILABILITY = YES_AGGRESSIVE;
				CLANG_WARN_UNREACHABLE_CODE = YES;
				CLANG_WARN__DUPLICATE_METHOD_MATCH = YES;
				COPY_PHASE_STRIP = NO;
				DEBUG_INFORMATION_FORMAT = dwarf;
				ENABLE_STRICT_OBJC_MSGSEND = YES;
				ENABLE_TESTABILITY = YES;
				GCC_C_LANGUAGE_STANDARD = gnu11;
				GCC_DYNAMIC_NO_PIC = NO;
				GCC_NO_COMMON_BLOCKS = YES;
				GCC_OPTIMIZATION_LEVEL = 0;
				GCC_PREPROCESSOR_DEFINITIONS = (
					"DEBUG=1",
					"$(inherited)",
				);
				GCC_WARN_64_TO_32_BIT_CONVERSION = YES;
				GCC_WARN_ABOUT_RETURN_TYPE = YES_ERROR;
				GCC_WARN_UNDECLARED_SELECTOR = YES;
				GCC_WARN_UNINITIALIZED_AUTOS = YES_AGGRESSIVE;
				GCC_WARN_UNUSED_FUNCTION = YES;
				GCC_WARN_UNUSED_VARIABLE = YES;
				IPHONEOS_DEPLOYMENT_TARGET = 15.5;
				MTL_ENABLE_DEBUG_INFO = INCLUDE_SOURCE;
				MTL_FAST_MATH = YES;
				ONLY_ACTIVE_ARCH = YES;
				SDKROOT = iphoneos;
				SWIFT_ACTIVE_COMPILATION_CONDITIONS = DEBUG;
				SWIFT_OPTIMIZATION_LEVEL = "-Onone";
			};
			name = Debug;
		};
		6E764CB72848DB4C00E69CC7 /* Release */ = {
			isa = XCBuildConfiguration;
			buildSettings = {
				ALWAYS_SEARCH_USER_PATHS = NO;
				CLANG_ANALYZER_NONNULL = YES;
				CLANG_ANALYZER_NUMBER_OBJECT_CONVERSION = YES_AGGRESSIVE;
				CLANG_CXX_LANGUAGE_STANDARD = "gnu++17";
				CLANG_ENABLE_MODULES = YES;
				CLANG_ENABLE_OBJC_ARC = YES;
				CLANG_ENABLE_OBJC_WEAK = YES;
				CLANG_WARN_BLOCK_CAPTURE_AUTORELEASING = YES;
				CLANG_WARN_BOOL_CONVERSION = YES;
				CLANG_WARN_COMMA = YES;
				CLANG_WARN_CONSTANT_CONVERSION = YES;
				CLANG_WARN_DEPRECATED_OBJC_IMPLEMENTATIONS = YES;
				CLANG_WARN_DIRECT_OBJC_ISA_USAGE = YES_ERROR;
				CLANG_WARN_DOCUMENTATION_COMMENTS = YES;
				CLANG_WARN_EMPTY_BODY = YES;
				CLANG_WARN_ENUM_CONVERSION = YES;
				CLANG_WARN_INFINITE_RECURSION = YES;
				CLANG_WARN_INT_CONVERSION = YES;
				CLANG_WARN_NON_LITERAL_NULL_CONVERSION = YES;
				CLANG_WARN_OBJC_IMPLICIT_RETAIN_SELF = YES;
				CLANG_WARN_OBJC_LITERAL_CONVERSION = YES;
				CLANG_WARN_OBJC_ROOT_CLASS = YES_ERROR;
				CLANG_WARN_QUOTED_INCLUDE_IN_FRAMEWORK_HEADER = YES;
				CLANG_WARN_RANGE_LOOP_ANALYSIS = YES;
				CLANG_WARN_STRICT_PROTOTYPES = YES;
				CLANG_WARN_SUSPICIOUS_MOVE = YES;
				CLANG_WARN_UNGUARDED_AVAILABILITY = YES_AGGRESSIVE;
				CLANG_WARN_UNREACHABLE_CODE = YES;
				CLANG_WARN__DUPLICATE_METHOD_MATCH = YES;
				COPY_PHASE_STRIP = NO;
				DEBUG_INFORMATION_FORMAT = "dwarf-with-dsym";
				ENABLE_NS_ASSERTIONS = NO;
				ENABLE_STRICT_OBJC_MSGSEND = YES;
				GCC_C_LANGUAGE_STANDARD = gnu11;
				GCC_NO_COMMON_BLOCKS = YES;
				GCC_WARN_64_TO_32_BIT_CONVERSION = YES;
				GCC_WARN_ABOUT_RETURN_TYPE = YES_ERROR;
				GCC_WARN_UNDECLARED_SELECTOR = YES;
				GCC_WARN_UNINITIALIZED_AUTOS = YES_AGGRESSIVE;
				GCC_WARN_UNUSED_FUNCTION = YES;
				GCC_WARN_UNUSED_VARIABLE = YES;
				IPHONEOS_DEPLOYMENT_TARGET = 15.5;
				MTL_ENABLE_DEBUG_INFO = NO;
				MTL_FAST_MATH = YES;
				SDKROOT = iphoneos;
				SWIFT_COMPILATION_MODE = wholemodule;
				SWIFT_OPTIMIZATION_LEVEL = "-O";
				VALIDATE_PRODUCT = YES;
			};
			name = Release;
		};
		6E764CB92848DB4C00E69CC7 /* Debug */ = {
			isa = XCBuildConfiguration;
			baseConfigurationReference = EEB3A0EDB452C1328396BF92 /* Pods-TimeToTravel.debug.xcconfig */;
			buildSettings = {
				ASSETCATALOG_COMPILER_APPICON_NAME = AppIcon;
				ASSETCATALOG_COMPILER_GLOBAL_ACCENT_COLOR_NAME = AccentColor;
				CODE_SIGN_STYLE = Automatic;
				CURRENT_PROJECT_VERSION = 1;
				DEVELOPMENT_TEAM = 5454Z35HY9;
				GENERATE_INFOPLIST_FILE = YES;
				INFOPLIST_FILE = TimeToTravel/Info.plist;
				INFOPLIST_KEY_CFBundleDisplayName = "Time to travel";
				INFOPLIST_KEY_UIApplicationSupportsIndirectInputEvents = YES;
				INFOPLIST_KEY_UILaunchStoryboardName = LaunchScreen;
				INFOPLIST_KEY_UISupportedInterfaceOrientations_iPad = "UIInterfaceOrientationPortrait UIInterfaceOrientationPortraitUpsideDown UIInterfaceOrientationLandscapeLeft UIInterfaceOrientationLandscapeRight";
				INFOPLIST_KEY_UISupportedInterfaceOrientations_iPhone = "UIInterfaceOrientationPortrait UIInterfaceOrientationLandscapeLeft UIInterfaceOrientationLandscapeRight";
				LD_RUNPATH_SEARCH_PATHS = (
					"$(inherited)",
					"@executable_path/Frameworks",
				);
				MARKETING_VERSION = 1.0;
				PRODUCT_BUNDLE_IDENTIFIER = pB.TimeToTravel;
				PRODUCT_NAME = "$(TARGET_NAME)";
				SWIFT_EMIT_LOC_STRINGS = YES;
				SWIFT_VERSION = 5.0;
				TARGETED_DEVICE_FAMILY = "1,2";
			};
			name = Debug;
		};
		6E764CBA2848DB4C00E69CC7 /* Release */ = {
			isa = XCBuildConfiguration;
			baseConfigurationReference = DF230A959240A3D1ACCBCFA6 /* Pods-TimeToTravel.release.xcconfig */;
			buildSettings = {
				ASSETCATALOG_COMPILER_APPICON_NAME = AppIcon;
				ASSETCATALOG_COMPILER_GLOBAL_ACCENT_COLOR_NAME = AccentColor;
				CODE_SIGN_STYLE = Automatic;
				CURRENT_PROJECT_VERSION = 1;
				DEVELOPMENT_TEAM = 5454Z35HY9;
				GENERATE_INFOPLIST_FILE = YES;
				INFOPLIST_FILE = TimeToTravel/Info.plist;
				INFOPLIST_KEY_CFBundleDisplayName = "Time to travel";
				INFOPLIST_KEY_UIApplicationSupportsIndirectInputEvents = YES;
				INFOPLIST_KEY_UILaunchStoryboardName = LaunchScreen;
				INFOPLIST_KEY_UISupportedInterfaceOrientations_iPad = "UIInterfaceOrientationPortrait UIInterfaceOrientationPortraitUpsideDown UIInterfaceOrientationLandscapeLeft UIInterfaceOrientationLandscapeRight";
				INFOPLIST_KEY_UISupportedInterfaceOrientations_iPhone = "UIInterfaceOrientationPortrait UIInterfaceOrientationLandscapeLeft UIInterfaceOrientationLandscapeRight";
				LD_RUNPATH_SEARCH_PATHS = (
					"$(inherited)",
					"@executable_path/Frameworks",
				);
				MARKETING_VERSION = 1.0;
				PRODUCT_BUNDLE_IDENTIFIER = pB.TimeToTravel;
				PRODUCT_NAME = "$(TARGET_NAME)";
				SWIFT_EMIT_LOC_STRINGS = YES;
				SWIFT_VERSION = 5.0;
				TARGETED_DEVICE_FAMILY = "1,2";
			};
			name = Release;
		};
/* End XCBuildConfiguration section */

/* Begin XCConfigurationList section */
		6E764C9F2848DB4B00E69CC7 /* Build configuration list for PBXProject "TimeToTravel" */ = {
			isa = XCConfigurationList;
			buildConfigurations = (
				6E764CB62848DB4C00E69CC7 /* Debug */,
				6E764CB72848DB4C00E69CC7 /* Release */,
			);
			defaultConfigurationIsVisible = 0;
			defaultConfigurationName = Release;
		};
		6E764CB82848DB4C00E69CC7 /* Build configuration list for PBXNativeTarget "TimeToTravel" */ = {
			isa = XCConfigurationList;
			buildConfigurations = (
				6E764CB92848DB4C00E69CC7 /* Debug */,
				6E764CBA2848DB4C00E69CC7 /* Release */,
			);
			defaultConfigurationIsVisible = 0;
			defaultConfigurationName = Release;
		};
/* End XCConfigurationList section */
	};
	rootObject = 6E764C9C2848DB4B00E69CC7 /* Project object */;
}
